
Microsoft Visual Studio Solution File, Format Version 12.00
# Visual Studio Version 16
VisualStudioVersion = 16.0.31729.503
MinimumVisualStudioVersion = 10.0.40219.1
Project("{FAE04EC0-301F-11D3-BF4B-00C04F79EFBC}") = "FuncionesAdicionales17", "FuncionesAdicionales17\FuncionesAdicionales17.csproj", "{80743FB8-EAD7-49D0-B22D-E6454BFABB28}"
EndProject
Global
	GlobalSection(SolutionConfigurationPlatforms) = preSolution
		Debug|Any CPU = Debug|Any CPU
		Release|Any CPU = Release|Any CPU
	EndGlobalSection
	GlobalSection(ProjectConfigurationPlatforms) = postSolution
		{80743FB8-EAD7-49D0-B22D-E6454BFABB28}.Debug|Any CPU.ActiveCfg = Debug|Any CPU
		{80743FB8-EAD7-49D0-B22D-E6454BFABB28}.Debug|Any CPU.Build.0 = Debug|Any CPU
		{80743FB8-EAD7-49D0-B22D-E6454BFABB28}.Release|Any CPU.ActiveCfg = Release|Any CPU
		{80743FB8-EAD7-49D0-B22D-E6454BFABB28}.Release|Any CPU.Build.0 = Release|Any CPU
	EndGlobalSection
	GlobalSection(SolutionProperties) = preSolution
		HideSolutionNode = FALSE
	EndGlobalSection
	GlobalSection(ExtensibilityGlobals) = postSolution
		SolutionGuid = {9A5B14A8-AD24-4402-9B45-DB292079EF8A}
	EndGlobalSection
EndGlobal
