
Microsoft Visual Studio Solution File, Format Version 12.00
# Visual Studio Version 16
VisualStudioVersion = 16.0.31729.503
MinimumVisualStudioVersion = 10.0.40219.1
Project("{FAE04EC0-301F-11D3-BF4B-00C04F79EFBC}") = "Funciones21", "Funciones21\Funciones21.csproj", "{4A966B4C-714F-4FE4-AFBF-6A8823F19CD6}"
EndProject
Global
	GlobalSection(SolutionConfigurationPlatforms) = preSolution
		Debug|Any CPU = Debug|Any CPU
		Release|Any CPU = Release|Any CPU
	EndGlobalSection
	GlobalSection(ProjectConfigurationPlatforms) = postSolution
		{4A966B4C-714F-4FE4-AFBF-6A8823F19CD6}.Debug|Any CPU.ActiveCfg = Debug|Any CPU
		{4A966B4C-714F-4FE4-AFBF-6A8823F19CD6}.Debug|Any CPU.Build.0 = Debug|Any CPU
		{4A966B4C-714F-4FE4-AFBF-6A8823F19CD6}.Release|Any CPU.ActiveCfg = Release|Any CPU
		{4A966B4C-714F-4FE4-AFBF-6A8823F19CD6}.Release|Any CPU.Build.0 = Release|Any CPU
	EndGlobalSection
	GlobalSection(SolutionProperties) = preSolution
		HideSolutionNode = FALSE
	EndGlobalSection
	GlobalSection(ExtensibilityGlobals) = postSolution
		SolutionGuid = {BF51D6B1-0B14-407F-A372-167D15203867}
	EndGlobalSection
EndGlobal
