
Microsoft Visual Studio Solution File, Format Version 12.00
# Visual Studio Version 16
VisualStudioVersion = 16.0.31702.278
MinimumVisualStudioVersion = 10.0.40219.1
Project("{FAE04EC0-301F-11D3-BF4B-00C04F79EFBC}") = "Funciones7", "Funciones7\Funciones7.csproj", "{EADA701D-AC1E-4A89-9495-26DEC61A55DD}"
EndProject
Global
	GlobalSection(SolutionConfigurationPlatforms) = preSolution
		Debug|Any CPU = Debug|Any CPU
		Release|Any CPU = Release|Any CPU
	EndGlobalSection
	GlobalSection(ProjectConfigurationPlatforms) = postSolution
		{EADA701D-AC1E-4A89-9495-26DEC61A55DD}.Debug|Any CPU.ActiveCfg = Debug|Any CPU
		{EADA701D-AC1E-4A89-9495-26DEC61A55DD}.Debug|Any CPU.Build.0 = Debug|Any CPU
		{EADA701D-AC1E-4A89-9495-26DEC61A55DD}.Release|Any CPU.ActiveCfg = Release|Any CPU
		{EADA701D-AC1E-4A89-9495-26DEC61A55DD}.Release|Any CPU.Build.0 = Release|Any CPU
	EndGlobalSection
	GlobalSection(SolutionProperties) = preSolution
		HideSolutionNode = FALSE
	EndGlobalSection
	GlobalSection(ExtensibilityGlobals) = postSolution
		SolutionGuid = {5E4CF754-A8AE-453E-ADEB-6BF75E1E0E03}
	EndGlobalSection
EndGlobal
