
Microsoft Visual Studio Solution File, Format Version 12.00
# Visual Studio Version 16
VisualStudioVersion = 16.0.31729.503
MinimumVisualStudioVersion = 10.0.40219.1
Project("{FAE04EC0-301F-11D3-BF4B-00C04F79EFBC}") = "FuncionesAdicionales13", "FuncionesAdicionales13\FuncionesAdicionales13.csproj", "{55395189-2582-4FEF-973F-A0113E598885}"
EndProject
Global
	GlobalSection(SolutionConfigurationPlatforms) = preSolution
		Debug|Any CPU = Debug|Any CPU
		Release|Any CPU = Release|Any CPU
	EndGlobalSection
	GlobalSection(ProjectConfigurationPlatforms) = postSolution
		{55395189-2582-4FEF-973F-A0113E598885}.Debug|Any CPU.ActiveCfg = Debug|Any CPU
		{55395189-2582-4FEF-973F-A0113E598885}.Debug|Any CPU.Build.0 = Debug|Any CPU
		{55395189-2582-4FEF-973F-A0113E598885}.Release|Any CPU.ActiveCfg = Release|Any CPU
		{55395189-2582-4FEF-973F-A0113E598885}.Release|Any CPU.Build.0 = Release|Any CPU
	EndGlobalSection
	GlobalSection(SolutionProperties) = preSolution
		HideSolutionNode = FALSE
	EndGlobalSection
	GlobalSection(ExtensibilityGlobals) = postSolution
		SolutionGuid = {F2153ABC-ECA6-4CA2-A013-0F3536D36B89}
	EndGlobalSection
EndGlobal
